<?xml version="1.0" encoding="utf-8"?>
<Project ToolsVersion="4.0" xmlns="http://schemas.microsoft.com/developer/msbuild/2003">
  <ItemGroup>
    <Filter Include="Source Files">
      <UniqueIdentifier>{4FC737F1-C7A5-4376-A066-2A32D752A2FF}</UniqueIdentifier>
      <Extensions>cpp;c;cc;cxx;def;odl;idl;hpj;bat;asm;asmx</Extensions>
    </Filter>
    <Filter Include="Header Files">
      <UniqueIdentifier>{93995380-89BD-4b04-88EB-625FBE52EBFB}</UniqueIdentifier>
      <Extensions>h;hpp;hxx;hm;inl;inc;xsd</Extensions>
    </Filter>
    <Filter Include="Resource Files">
      <UniqueIdentifier>{67DA6AB6-F800-4c08-8B7A-83BB121AAD01}</UniqueIdentifier>
      <Extensions>rc;ico;cur;bmp;dlg;rc2;rct;bin;rgs;gif;jpg;jpeg;jpe;resx;tiff;tif;png;wav;mfcribbon-ms</Extensions>
    </Filter>
    <Filter Include="Window">
      <UniqueIdentifier>{ec1bf3a5-8d61-41da-8ef5-06fc869dffcd}</UniqueIdentifier>
    </Filter>
    <Filter Include="Game">
      <UniqueIdentifier>{328a5876-8ea3-40cc-9108-20bb3f8304c0}</UniqueIdentifier>
    </Filter>
    <Filter Include="Effects">
      <UniqueIdentifier>{da5614ae-d44e-4cf0-a6d8-3e6e243ffc28}</UniqueIdentifier>
    </Filter>
    <Filter Include="Components">
      <UniqueIdentifier>{34d537e0-375e-4748-a993-19b3fae5ec0b}</UniqueIdentifier>
    </Filter>
    <Filter Include="Components\Camera">
      <UniqueIdentifier>{522bd4b4-fe81-464a-8e28-5d630314b0bc}</UniqueIdentifier>
    </Filter>
    <Filter Include="Components\Geometry">
      <UniqueIdentifier>{21056019-31ba-4360-9450-ae80d20921d4}</UniqueIdentifier>
    </Filter>
    <Filter Include="Components\Lights">
      <UniqueIdentifier>{cef6c780-cb61-4843-a0cb-4c9223d3bfbc}</UniqueIdentifier>
    </Filter>
    <Filter Include="Components\Material">
      <UniqueIdentifier>{d6ea60b6-40ba-4dac-ac95-b20305b81717}</UniqueIdentifier>
    </Filter>
    <Filter Include="Input">
      <UniqueIdentifier>{62485182-84a4-4643-9b82-35d3acac9149}</UniqueIdentifier>
    </Filter>
    <Filter Include="Model">
      <UniqueIdentifier>{0ceddad9-27ee-466d-bc7a-ad240b751bfa}</UniqueIdentifier>
    </Filter>
    <Filter Include="Scripting">
      <UniqueIdentifier>{c831e137-a356-48f3-9fe1-85559741195a}</UniqueIdentifier>
    </Filter>
    <Filter Include="Timer">
      <UniqueIdentifier>{e509da8c-74dc-460c-9b32-cb4b86010aba}</UniqueIdentifier>
    </Filter>
  </ItemGroup>
  <ItemGroup>
    <ClCompile Include="GameApplication.cpp">
      <Filter>Game</Filter>
    </ClCompile>
    <ClCompile Include="main.cpp">
      <Filter>Source Files</Filter>
    </ClCompile>
    <ClCompile Include="ModelLoader.cpp">
      <Filter>Model</Filter>
    </ClCompile>
    <ClCompile Include="Timer.cpp">
      <Filter>Timer</Filter>
    </ClCompile>
    <ClCompile Include="GameObject.cpp">
      <Filter>Game</Filter>
    </ClCompile>
    <ClCompile Include="GameObjectManager.cpp">
      <Filter>Game</Filter>
    </ClCompile>
    <ClCompile Include="Input.cpp">
      <Filter>Input</Filter>
    </ClCompile>
    <ClCompile Include="Mouse.cpp">
      <Filter>Input</Filter>
    </ClCompile>
    <ClCompile Include="Keyboard.cpp">
      <Filter>Input</Filter>
    </ClCompile>
    <ClCompile Include="Joypad.cpp">
      <Filter>Input</Filter>
    </ClCompile>
    <ClCompile Include="CameraComponent.cpp">
      <Filter>Components\Camera</Filter>
    </ClCompile>
    <ClCompile Include="MaterialComponent.cpp">
      <Filter>Components\Material</Filter>
    </ClCompile>
    <ClCompile Include="GeometryComponent.cpp">
      <Filter>Components\Geometry</Filter>
    </ClCompile>
    <ClCompile Include="Win32Window.cpp">
      <Filter>Window</Filter>
    </ClCompile>
    <ClCompile Include="DirectionalLightComponent.cpp">
      <Filter>Components\Lights</Filter>
    </ClCompile>
    <ClCompile Include="LightComponent.cpp">
      <Filter>Components\Lights</Filter>
    </ClCompile>
    <ClCompile Include="Geometry.cpp">
      <Filter>Components\Geometry</Filter>
    </ClCompile>
    <ClCompile Include="MeshComponent.cpp">
      <Filter>Model</Filter>
    </ClCompile>
  </ItemGroup>
  <ItemGroup>
    <ClInclude Include="GameApplication.h">
      <Filter>Game</Filter>
    </ClInclude>
    <ClInclude Include="Vertex.h">
      <Filter>Header Files</Filter>
    </ClInclude>
    <ClInclude Include="ModelLoader.h">
      <Filter>Model</Filter>
    </ClInclude>
    <ClInclude Include="Timer.h">
      <Filter>Timer</Filter>
    </ClInclude>
    <ClInclude Include="GameObjectManager.h">
      <Filter>Game</Filter>
    </ClInclude>
    <ClInclude Include="..\..\..\..\Desktop\GlasgowCaley-gp2-b1132ac\GP2\GameObject.h">
      <Filter>Game</Filter>
    </ClInclude>
    <ClInclude Include="Mouse.h">
      <Filter>Input</Filter>
    </ClInclude>
    <ClInclude Include="Joypad.h">
      <Filter>Input</Filter>
    </ClInclude>
    <ClInclude Include="Input.h">
      <Filter>Input</Filter>
    </ClInclude>
    <ClInclude Include="Keyboard.h">
      <Filter>Input</Filter>
    </ClInclude>
    <ClInclude Include="CameraComponent.h">
      <Filter>Components\Camera</Filter>
    </ClInclude>
    <ClInclude Include="GeometryComponent.h">
      <Filter>Components\Geometry</Filter>
    </ClInclude>
    <ClInclude Include="MaterialComponent.h">
      <Filter>Components\Material</Filter>
    </ClInclude>
    <ClInclude Include="IComponent.h">
      <Filter>Components</Filter>
    </ClInclude>
    <ClInclude Include="TransformComponent.h">
      <Filter>Components</Filter>
    </ClInclude>
    <ClInclude Include="DefaultEffect.h">
      <Filter>Components\Material</Filter>
    </ClInclude>
    <ClInclude Include="Win32Window.h">
      <Filter>Window</Filter>
    </ClInclude>
    <ClInclude Include="DirectionLightComponent.h">
      <Filter>Components\Lights</Filter>
    </ClInclude>
    <ClInclude Include="LightComponent.h">
      <Filter>Components\Lights</Filter>
    </ClInclude>
    <ClInclude Include="GameObject.h">
      <Filter>Game</Filter>
    </ClInclude>
    <ClInclude Include="Geometry.h">
      <Filter>Components\Geometry</Filter>
    </ClInclude>
    <ClInclude Include="MeshComponent.h">
      <Filter>Model</Filter>
    </ClInclude>
  </ItemGroup>
  <ItemGroup>
    <None Include="ScreenSpace.fx">
      <Filter>Effects</Filter>
    </None>
    <None Include="Transform.fx">
      <Filter>Effects</Filter>
    </None>
    <None Include="Texture.fx">
      <Filter>Effects</Filter>
    </None>
    <None Include="Specular.fx">
      <Filter>Effects</Filter>
    </None>
    <None Include="Parallax.fx">
      <Filter>Effects</Filter>
    </None>
    <None Include="DirectionalLight.fx">
      <Filter>Effects</Filter>
    </None>
    <None Include="diffuse.fx">
      <Filter>Effects</Filter>
    </None>
    <None Include="Bumpmapping.fx">
      <Filter>Effects</Filter>
    </None>
    <None Include="ambient.fx">
      <Filter>Effects</Filter>
    </None>
  </ItemGroup>
</Project>